
Microsoft Visual Studio Solution File, Format Version 12.00
# Visual Studio Version 16
VisualStudioVersion = 16.0.29009.5
MinimumVisualStudioVersion = 10.0.40219.1
Project("{FAE04EC0-301F-11D3-BF4B-00C04F79EFBC}") = "Parkkihalli", "Parkkihalli.csproj", "{B3A879DF-7A1D-43FA-A36A-EDD96285FB07}"
EndProject
Global
	GlobalSection(SolutionConfigurationPlatforms) = preSolution
		Debug|Any CPU = Debug|Any CPU
		Release|Any CPU = Release|Any CPU
	EndGlobalSection
	GlobalSection(ProjectConfigurationPlatforms) = postSolution
		{B3A879DF-7A1D-43FA-A36A-EDD96285FB07}.Debug|Any CPU.ActiveCfg = Debug|Any CPU
		{B3A879DF-7A1D-43FA-A36A-EDD96285FB07}.Debug|Any CPU.Build.0 = Debug|Any CPU
		{B3A879DF-7A1D-43FA-A36A-EDD96285FB07}.Release|Any CPU.ActiveCfg = Release|Any CPU
		{B3A879DF-7A1D-43FA-A36A-EDD96285FB07}.Release|Any CPU.Build.0 = Release|Any CPU
	EndGlobalSection
	GlobalSection(SolutionProperties) = preSolution
		HideSolutionNode = FALSE
	EndGlobalSection
	GlobalSection(ExtensibilityGlobals) = postSolution
		SolutionGuid = {26DA7461-0A42-4C9B-846F-0E7623C8B53E}
	EndGlobalSection
EndGlobal
